
Microsoft Visual Studio Solution File, Format Version 11.00
# Visual Studio 2010
Project("{8BC9CEB8-8B4A-11D0-8D11-00A0C91BC942}") = "FivePointGenerator", "FivePointGenerator\FivePointGenerator.vcxproj", "{E08D95BD-99D3-405A-9D52-E2BE954C80A9}"
EndProject
Global
	GlobalSection(SolutionConfigurationPlatforms) = preSolution
		Debug|Win32 = Debug|Win32
		Release|Win32 = Release|Win32
	EndGlobalSection
	GlobalSection(ProjectConfigurationPlatforms) = postSolution
		{E08D95BD-99D3-405A-9D52-E2BE954C80A9}.Debug|Win32.ActiveCfg = Debug|Win32
		{E08D95BD-99D3-405A-9D52-E2BE954C80A9}.Debug|Win32.Build.0 = Debug|Win32
		{E08D95BD-99D3-405A-9D52-E2BE954C80A9}.Release|Win32.ActiveCfg = Release|Win32
		{E08D95BD-99D3-405A-9D52-E2BE954C80A9}.Release|Win32.Build.0 = Release|Win32
	EndGlobalSection
	GlobalSection(SolutionProperties) = preSolution
		HideSolutionNode = FALSE
	EndGlobalSection
EndGlobal
